
Microsoft Visual Studio Solution File, Format Version 12.00
# Visual Studio Version 17
VisualStudioVersion = 17.10.34916.146
MinimumVisualStudioVersion = 10.0.40219.1
Project("{9A19103F-16F7-4668-BE54-9A1E7A4F7556}") = "CppTidy", "CppTidy.csproj", "{3704C828-DB91-4EAF-9D60-ECC88D1C4272}"
EndProject
Global
	GlobalSection(SolutionConfigurationPlatforms) = preSolution
		Debug|Any CPU = Debug|Any CPU
		Release|Any CPU = Release|Any CPU
	EndGlobalSection
	GlobalSection(ProjectConfigurationPlatforms) = postSolution
		{3704C828-DB91-4EAF-9D60-ECC88D1C4272}.Debug|Any CPU.ActiveCfg = Debug|Any CPU
		{3704C828-DB91-4EAF-9D60-ECC88D1C4272}.Debug|Any CPU.Build.0 = Debug|Any CPU
		{3704C828-DB91-4EAF-9D60-ECC88D1C4272}.Release|Any CPU.ActiveCfg = Release|Any CPU
		{3704C828-DB91-4EAF-9D60-ECC88D1C4272}.Release|Any CPU.Build.0 = Release|Any CPU
	EndGlobalSection
	GlobalSection(SolutionProperties) = preSolution
		HideSolutionNode = FALSE
	EndGlobalSection
	GlobalSection(ExtensibilityGlobals) = postSolution
		SolutionGuid = {AD0DE766-B22B-4140-A323-D4260A222BD3}
	EndGlobalSection
EndGlobal
